
Microsoft Visual Studio Solution File, Format Version 12.00
# Visual Studio 2012
Project("{FAE04EC0-301F-11D3-BF4B-00C04F79EFBC}") = "HumerusDetectBroken", "HumerusDetectBroken\HumerusDetectBroken.csproj", "{5E25116B-1608-4AA3-82B7-123442E5FFD5}"
EndProject
Project("{2150E333-8FDC-42A3-9474-1A3956D46DE8}") = "Solution Items", "Solution Items", "{1DA11067-AA68-42E5-B6AF-A9A4EFB8BEC0}"
	ProjectSection(SolutionItems) = preProject
		..\..\..\..\emgucv-windows-universal-gpu 2.4.9.1847\bin\x86\cvextern.dll = ..\..\..\..\emgucv-windows-universal-gpu 2.4.9.1847\bin\x86\cvextern.dll
		HumerusDetectBroken\bin\Debug\Emgu.CV.dll = HumerusDetectBroken\bin\Debug\Emgu.CV.dll
		HumerusDetectBroken\bin\Debug\Emgu.CV.UI.dll = HumerusDetectBroken\bin\Debug\Emgu.CV.UI.dll
		HumerusDetectBroken\bin\Debug\Emgu.Util.dll = HumerusDetectBroken\bin\Debug\Emgu.Util.dll
		..\..\..\..\..\..\..\..\..\Program Files (x86)\MPI.NET\Lib\MPI.dll = ..\..\..\..\..\..\..\..\..\Program Files (x86)\MPI.NET\Lib\MPI.dll
	EndProjectSection
EndProject
Global
	GlobalSection(SolutionConfigurationPlatforms) = preSolution
		Debug|Any CPU = Debug|Any CPU
		Release|Any CPU = Release|Any CPU
	EndGlobalSection
	GlobalSection(ProjectConfigurationPlatforms) = postSolution
		{5E25116B-1608-4AA3-82B7-123442E5FFD5}.Debug|Any CPU.ActiveCfg = Debug|Any CPU
		{5E25116B-1608-4AA3-82B7-123442E5FFD5}.Debug|Any CPU.Build.0 = Debug|Any CPU
		{5E25116B-1608-4AA3-82B7-123442E5FFD5}.Release|Any CPU.ActiveCfg = Release|Any CPU
		{5E25116B-1608-4AA3-82B7-123442E5FFD5}.Release|Any CPU.Build.0 = Release|Any CPU
	EndGlobalSection
	GlobalSection(SolutionProperties) = preSolution
		HideSolutionNode = FALSE
	EndGlobalSection
EndGlobal
